
Microsoft Visual Studio Solution File, Format Version 12.00
# Visual Studio Version 16
VisualStudioVersion = 16.0.30523.141
MinimumVisualStudioVersion = 10.0.40219.1
Project("{FAE04EC0-301F-11D3-BF4B-00C04F79EFBC}") = "queteAPI", "queteAPI\queteAPI.csproj", "{3E522BB0-310A-49F1-96FF-4DC2B498D297}"
EndProject
Global
	GlobalSection(SolutionConfigurationPlatforms) = preSolution
		Debug|Any CPU = Debug|Any CPU
		Release|Any CPU = Release|Any CPU
	EndGlobalSection
	GlobalSection(ProjectConfigurationPlatforms) = postSolution
		{3E522BB0-310A-49F1-96FF-4DC2B498D297}.Debug|Any CPU.ActiveCfg = Debug|Any CPU
		{3E522BB0-310A-49F1-96FF-4DC2B498D297}.Debug|Any CPU.Build.0 = Debug|Any CPU
		{3E522BB0-310A-49F1-96FF-4DC2B498D297}.Release|Any CPU.ActiveCfg = Release|Any CPU
		{3E522BB0-310A-49F1-96FF-4DC2B498D297}.Release|Any CPU.Build.0 = Release|Any CPU
	EndGlobalSection
	GlobalSection(SolutionProperties) = preSolution
		HideSolutionNode = FALSE
	EndGlobalSection
	GlobalSection(ExtensibilityGlobals) = postSolution
		SolutionGuid = {8C97E376-CFC7-4748-87F1-1D4F0DA5EA22}
	EndGlobalSection
EndGlobal
