
Microsoft Visual Studio Solution File, Format Version 12.00
# Visual Studio Version 16
VisualStudioVersion = 16.0.30711.63
MinimumVisualStudioVersion = 10.0.40219.1
Project("{FAE04EC0-301F-11D3-BF4B-00C04F79EFBC}") = "atelierMVCrazor", "atelierMVCrazor\atelierMVCrazor.csproj", "{25861606-D82C-44B6-8BE5-0ABAAD411177}"
EndProject
Global
	GlobalSection(SolutionConfigurationPlatforms) = preSolution
		Debug|Any CPU = Debug|Any CPU
		Release|Any CPU = Release|Any CPU
	EndGlobalSection
	GlobalSection(ProjectConfigurationPlatforms) = postSolution
		{25861606-D82C-44B6-8BE5-0ABAAD411177}.Debug|Any CPU.ActiveCfg = Debug|Any CPU
		{25861606-D82C-44B6-8BE5-0ABAAD411177}.Debug|Any CPU.Build.0 = Debug|Any CPU
		{25861606-D82C-44B6-8BE5-0ABAAD411177}.Release|Any CPU.ActiveCfg = Release|Any CPU
		{25861606-D82C-44B6-8BE5-0ABAAD411177}.Release|Any CPU.Build.0 = Release|Any CPU
	EndGlobalSection
	GlobalSection(SolutionProperties) = preSolution
		HideSolutionNode = FALSE
	EndGlobalSection
	GlobalSection(ExtensibilityGlobals) = postSolution
		SolutionGuid = {8600BE32-5D82-4D34-91EA-30897E573C80}
	EndGlobalSection
EndGlobal
