
Microsoft Visual Studio Solution File, Format Version 12.00
# Visual Studio Version 16
VisualStudioVersion = 16.0.30711.63
MinimumVisualStudioVersion = 10.0.40219.1
Project("{FAE04EC0-301F-11D3-BF4B-00C04F79EFBC}") = "atelierApiRest", "atelierApiRest\atelierApiRest.csproj", "{260C1DA9-869B-4CAA-8AA1-D216887D49DF}"
EndProject
Global
	GlobalSection(SolutionConfigurationPlatforms) = preSolution
		Debug|Any CPU = Debug|Any CPU
		Release|Any CPU = Release|Any CPU
	EndGlobalSection
	GlobalSection(ProjectConfigurationPlatforms) = postSolution
		{260C1DA9-869B-4CAA-8AA1-D216887D49DF}.Debug|Any CPU.ActiveCfg = Debug|Any CPU
		{260C1DA9-869B-4CAA-8AA1-D216887D49DF}.Debug|Any CPU.Build.0 = Debug|Any CPU
		{260C1DA9-869B-4CAA-8AA1-D216887D49DF}.Release|Any CPU.ActiveCfg = Release|Any CPU
		{260C1DA9-869B-4CAA-8AA1-D216887D49DF}.Release|Any CPU.Build.0 = Release|Any CPU
	EndGlobalSection
	GlobalSection(SolutionProperties) = preSolution
		HideSolutionNode = FALSE
	EndGlobalSection
	GlobalSection(ExtensibilityGlobals) = postSolution
		SolutionGuid = {3B642DB9-1EB9-4142-83FA-A98E4811D456}
	EndGlobalSection
EndGlobal
